
Microsoft Visual Studio Solution File, Format Version 12.00
# Visual Studio Version 17
VisualStudioVersion = 17.0.31903.59
MinimumVisualStudioVersion = 10.0.40219.1
Project("{2150E333-8FDC-42A3-9474-1A3956D46DE8}") = "Solution Items", "Solution Items", "{20ABB5D6-9EA7-472A-A631-CF26AAC4C28E}"
	ProjectSection(SolutionItems) = preProject
		.editorconfig = .editorconfig
		.gitignore = .gitignore
		Directory.Build.props = Directory.Build.props
		Directory.Packages.props = Directory.Packages.props
		nuget.config = nuget.config
		README.md = README.md
		rainfall.yml = rainfall.yml
		docs\sh\RainfallApi.http = docs\sh\RainfallApi.http
		docs\sh\rainfall-api.http = docs\sh\rainfall-api.http
	EndProjectSection
EndProject
Project("{2150E333-8FDC-42A3-9474-1A3956D46DE8}") = "src", "src", "{70359091-0044-4BFA-91F4-012E02A43A19}"
EndProject
Project("{FAE04EC0-301F-11D3-BF4B-00C04F79EFBC}") = "Rainfall.Core", "src\Rainfall.Core\Rainfall.Core.csproj", "{B7F976FE-F1DB-4B2F-90A1-6F7DA6F8A575}"
EndProject
Project("{2150E333-8FDC-42A3-9474-1A3956D46DE8}") = "tests", "tests", "{74770C98-AF7D-4493-A3F6-BAA84CB5E29B}"
EndProject
Project("{FAE04EC0-301F-11D3-BF4B-00C04F79EFBC}") = "Rainfall.Api", "src\Rainfall.Api\Rainfall.Api.csproj", "{5CEBC4E2-A317-4FAE-AB4B-47F2420DE693}"
EndProject
Project("{FAE04EC0-301F-11D3-BF4B-00C04F79EFBC}") = "Rainfall.Api.Tests", "tests\Rainfall.Api.Tests\Rainfall.Api.Tests.csproj", "{553AD600-9302-410E-A425-0E5EC3F3E837}"
EndProject
Project("{2150E333-8FDC-42A3-9474-1A3956D46DE8}") = "docs", "docs", "{FD271ABB-38C7-47D9-9034-1E5B758DFF0A}"
	ProjectSection(SolutionItems) = preProject
		docs\docs.md = docs\docs.md
		docs\snippets.md = docs\snippets.md
	EndProjectSection
EndProject
Global
	GlobalSection(SolutionConfigurationPlatforms) = preSolution
		Debug|Any CPU = Debug|Any CPU
		Release|Any CPU = Release|Any CPU
	EndGlobalSection
	GlobalSection(ProjectConfigurationPlatforms) = postSolution
		{B7F976FE-F1DB-4B2F-90A1-6F7DA6F8A575}.Debug|Any CPU.ActiveCfg = Debug|Any CPU
		{B7F976FE-F1DB-4B2F-90A1-6F7DA6F8A575}.Debug|Any CPU.Build.0 = Debug|Any CPU
		{B7F976FE-F1DB-4B2F-90A1-6F7DA6F8A575}.Release|Any CPU.ActiveCfg = Release|Any CPU
		{B7F976FE-F1DB-4B2F-90A1-6F7DA6F8A575}.Release|Any CPU.Build.0 = Release|Any CPU
		{5CEBC4E2-A317-4FAE-AB4B-47F2420DE693}.Debug|Any CPU.ActiveCfg = Debug|Any CPU
		{5CEBC4E2-A317-4FAE-AB4B-47F2420DE693}.Debug|Any CPU.Build.0 = Debug|Any CPU
		{5CEBC4E2-A317-4FAE-AB4B-47F2420DE693}.Release|Any CPU.ActiveCfg = Release|Any CPU
		{5CEBC4E2-A317-4FAE-AB4B-47F2420DE693}.Release|Any CPU.Build.0 = Release|Any CPU
		{553AD600-9302-410E-A425-0E5EC3F3E837}.Debug|Any CPU.ActiveCfg = Debug|Any CPU
		{553AD600-9302-410E-A425-0E5EC3F3E837}.Debug|Any CPU.Build.0 = Debug|Any CPU
		{553AD600-9302-410E-A425-0E5EC3F3E837}.Release|Any CPU.ActiveCfg = Release|Any CPU
		{553AD600-9302-410E-A425-0E5EC3F3E837}.Release|Any CPU.Build.0 = Release|Any CPU
	EndGlobalSection
	GlobalSection(SolutionProperties) = preSolution
		HideSolutionNode = FALSE
	EndGlobalSection
	GlobalSection(NestedProjects) = preSolution
		{B7F976FE-F1DB-4B2F-90A1-6F7DA6F8A575} = {70359091-0044-4BFA-91F4-012E02A43A19}
		{5CEBC4E2-A317-4FAE-AB4B-47F2420DE693} = {70359091-0044-4BFA-91F4-012E02A43A19}
		{553AD600-9302-410E-A425-0E5EC3F3E837} = {74770C98-AF7D-4493-A3F6-BAA84CB5E29B}
		{FD271ABB-38C7-47D9-9034-1E5B758DFF0A} = {20ABB5D6-9EA7-472A-A631-CF26AAC4C28E}
	EndGlobalSection
	GlobalSection(ExtensibilityGlobals) = postSolution
		SolutionGuid = {E6C0B6A3-AC0C-481D-A156-037942BBA4EC}
	EndGlobalSection
EndGlobal
